
Microsoft Visual Studio Solution File, Format Version 12.00
# Visual Studio Version 17
VisualStudioVersion = 17.3.32804.467
MinimumVisualStudioVersion = 10.0.40219.1
Project("{FAE04EC0-301F-11D3-BF4B-00C04F79EFBC}") = "Astrolabium.net", "Astrolabium.net\Astrolabium.net.csproj", "{35647156-5A63-4875-96B2-23E286BDB8EA}"
EndProject
Project("{FAE04EC0-301F-11D3-BF4B-00C04F79EFBC}") = "TetxImport", "TetxImport\TetxImport.csproj", "{1AA5FA13-7425-4860-AC6D-77ECEDC2B1DB}"
EndProject
Project("{FAE04EC0-301F-11D3-BF4B-00C04F79EFBC}") = "FerkopaUtils", "FerkopaUtils\FerkopaUtils\FerkopaUtils.csproj", "{254271D0-4784-4E48-83F4-17A44F1E8C36}"
EndProject
Project("{9A19103F-16F7-4668-BE54-9A1E7A4F7556}") = "Astrolabium", "Astrolabium\Astrolabium.csproj", "{DA99C1EB-10C0-4CE1-B44A-787C4EAA5946}"
EndProject
Project("{9A19103F-16F7-4668-BE54-9A1E7A4F7556}") = "SwephCore", "SwephCore\SwephCore.csproj", "{EBD18385-6962-451C-8543-993717B852B0}"
EndProject
Project("{9A19103F-16F7-4668-BE54-9A1E7A4F7556}") = "SweCore", "SweCore\SweCore.csproj", "{C71B0D83-A5C3-4DE4-9CE5-D0A50FF3A9CD}"
EndProject
Project("{9A19103F-16F7-4668-BE54-9A1E7A4F7556}") = "SwissEphCore", "SwissEphCore\SwissEphCore.csproj", "{B5C886B6-1976-4E5E-9031-F7921C8B9663}"
EndProject
Project("{9A19103F-16F7-4668-BE54-9A1E7A4F7556}") = "Astrolabium.Sevices", "Astrolabium.Sevices\Astrolabium.Sevices.csproj", "{A9BC105C-4879-4183-B141-BACE11E945FD}"
EndProject
Project("{9A19103F-16F7-4668-BE54-9A1E7A4F7556}") = "Astrolabium.Services.Teszt", "Astrolabium.Services.Teszt\Astrolabium.Services.Teszt.csproj", "{829C12FC-75B1-4ADB-8E08-118B051B4BCE}"
EndProject
Project("{9A19103F-16F7-4668-BE54-9A1E7A4F7556}") = "Astrolabium.Models", "Astrolabium.Models\Astrolabium.Models.csproj", "{8EBCE374-B373-4BC5-AF02-07E1634B5021}"
EndProject
Project("{9A19103F-16F7-4668-BE54-9A1E7A4F7556}") = "Astrolabium.Database", "Astrilabium.Database\Astrolabium.Database.csproj", "{A8C1C195-9239-4EF1-921D-65783350D884}"
EndProject
Project("{2150E333-8FDC-42A3-9474-1A3956D46DE8}") = "Solution Items", "Solution Items", "{6D61EDC8-29CA-4B83-AFA8-4463895A99C1}"
EndProject
Global
	GlobalSection(SolutionConfigurationPlatforms) = preSolution
		Ad-Hoc|Any CPU = Ad-Hoc|Any CPU
		Ad-Hoc|iPhone = Ad-Hoc|iPhone
		Ad-Hoc|iPhoneSimulator = Ad-Hoc|iPhoneSimulator
		AppStore|Any CPU = AppStore|Any CPU
		AppStore|iPhone = AppStore|iPhone
		AppStore|iPhoneSimulator = AppStore|iPhoneSimulator
		Debug|Any CPU = Debug|Any CPU
		Debug|iPhone = Debug|iPhone
		Debug|iPhoneSimulator = Debug|iPhoneSimulator
		Release .Net 4|Any CPU = Release .Net 4|Any CPU
		Release .Net 4|iPhone = Release .Net 4|iPhone
		Release .Net 4|iPhoneSimulator = Release .Net 4|iPhoneSimulator
		Release|Any CPU = Release|Any CPU
		Release|iPhone = Release|iPhone
		Release|iPhoneSimulator = Release|iPhoneSimulator
		x64|Any CPU = x64|Any CPU
		x64|iPhone = x64|iPhone
		x64|iPhoneSimulator = x64|iPhoneSimulator
	EndGlobalSection
	GlobalSection(ProjectConfigurationPlatforms) = postSolution
		{35647156-5A63-4875-96B2-23E286BDB8EA}.Ad-Hoc|Any CPU.ActiveCfg = Release|Any CPU
		{35647156-5A63-4875-96B2-23E286BDB8EA}.Ad-Hoc|Any CPU.Build.0 = Release|Any CPU
		{35647156-5A63-4875-96B2-23E286BDB8EA}.Ad-Hoc|iPhone.ActiveCfg = Release|Any CPU
		{35647156-5A63-4875-96B2-23E286BDB8EA}.Ad-Hoc|iPhone.Build.0 = Release|Any CPU
		{35647156-5A63-4875-96B2-23E286BDB8EA}.Ad-Hoc|iPhoneSimulator.ActiveCfg = Release|Any CPU
		{35647156-5A63-4875-96B2-23E286BDB8EA}.Ad-Hoc|iPhoneSimulator.Build.0 = Release|Any CPU
		{35647156-5A63-4875-96B2-23E286BDB8EA}.AppStore|Any CPU.ActiveCfg = Release|Any CPU
		{35647156-5A63-4875-96B2-23E286BDB8EA}.AppStore|Any CPU.Build.0 = Release|Any CPU
		{35647156-5A63-4875-96B2-23E286BDB8EA}.AppStore|iPhone.ActiveCfg = Release|Any CPU
		{35647156-5A63-4875-96B2-23E286BDB8EA}.AppStore|iPhone.Build.0 = Release|Any CPU
		{35647156-5A63-4875-96B2-23E286BDB8EA}.AppStore|iPhoneSimulator.ActiveCfg = Release|Any CPU
		{35647156-5A63-4875-96B2-23E286BDB8EA}.AppStore|iPhoneSimulator.Build.0 = Release|Any CPU
		{35647156-5A63-4875-96B2-23E286BDB8EA}.Debug|Any CPU.ActiveCfg = Debug|Any CPU
		{35647156-5A63-4875-96B2-23E286BDB8EA}.Debug|Any CPU.Build.0 = Debug|Any CPU
		{35647156-5A63-4875-96B2-23E286BDB8EA}.Debug|iPhone.ActiveCfg = Debug|Any CPU
		{35647156-5A63-4875-96B2-23E286BDB8EA}.Debug|iPhone.Build.0 = Debug|Any CPU
		{35647156-5A63-4875-96B2-23E286BDB8EA}.Debug|iPhoneSimulator.ActiveCfg = Debug|Any CPU
		{35647156-5A63-4875-96B2-23E286BDB8EA}.Debug|iPhoneSimulator.Build.0 = Debug|Any CPU
		{35647156-5A63-4875-96B2-23E286BDB8EA}.Release .Net 4|Any CPU.ActiveCfg = Release|Any CPU
		{35647156-5A63-4875-96B2-23E286BDB8EA}.Release .Net 4|Any CPU.Build.0 = Release|Any CPU
		{35647156-5A63-4875-96B2-23E286BDB8EA}.Release .Net 4|iPhone.ActiveCfg = Release|Any CPU
		{35647156-5A63-4875-96B2-23E286BDB8EA}.Release .Net 4|iPhone.Build.0 = Release|Any CPU
		{35647156-5A63-4875-96B2-23E286BDB8EA}.Release .Net 4|iPhoneSimulator.ActiveCfg = Release|Any CPU
		{35647156-5A63-4875-96B2-23E286BDB8EA}.Release .Net 4|iPhoneSimulator.Build.0 = Release|Any CPU
		{35647156-5A63-4875-96B2-23E286BDB8EA}.Release|Any CPU.ActiveCfg = Release|Any CPU
		{35647156-5A63-4875-96B2-23E286BDB8EA}.Release|Any CPU.Build.0 = Release|Any CPU
		{35647156-5A63-4875-96B2-23E286BDB8EA}.Release|iPhone.ActiveCfg = Release|Any CPU
		{35647156-5A63-4875-96B2-23E286BDB8EA}.Release|iPhone.Build.0 = Release|Any CPU
		{35647156-5A63-4875-96B2-23E286BDB8EA}.Release|iPhoneSimulator.ActiveCfg = Release|Any CPU
		{35647156-5A63-4875-96B2-23E286BDB8EA}.Release|iPhoneSimulator.Build.0 = Release|Any CPU
		{35647156-5A63-4875-96B2-23E286BDB8EA}.x64|Any CPU.ActiveCfg = Release|Any CPU
		{35647156-5A63-4875-96B2-23E286BDB8EA}.x64|Any CPU.Build.0 = Release|Any CPU
		{35647156-5A63-4875-96B2-23E286BDB8EA}.x64|iPhone.ActiveCfg = Release|Any CPU
		{35647156-5A63-4875-96B2-23E286BDB8EA}.x64|iPhone.Build.0 = Release|Any CPU
		{35647156-5A63-4875-96B2-23E286BDB8EA}.x64|iPhoneSimulator.ActiveCfg = Release|Any CPU
		{35647156-5A63-4875-96B2-23E286BDB8EA}.x64|iPhoneSimulator.Build.0 = Release|Any CPU
		{1AA5FA13-7425-4860-AC6D-77ECEDC2B1DB}.Ad-Hoc|Any CPU.ActiveCfg = Release|Any CPU
		{1AA5FA13-7425-4860-AC6D-77ECEDC2B1DB}.Ad-Hoc|Any CPU.Build.0 = Release|Any CPU
		{1AA5FA13-7425-4860-AC6D-77ECEDC2B1DB}.Ad-Hoc|iPhone.ActiveCfg = Release|Any CPU
		{1AA5FA13-7425-4860-AC6D-77ECEDC2B1DB}.Ad-Hoc|iPhone.Build.0 = Release|Any CPU
		{1AA5FA13-7425-4860-AC6D-77ECEDC2B1DB}.Ad-Hoc|iPhoneSimulator.ActiveCfg = Release|Any CPU
		{1AA5FA13-7425-4860-AC6D-77ECEDC2B1DB}.Ad-Hoc|iPhoneSimulator.Build.0 = Release|Any CPU
		{1AA5FA13-7425-4860-AC6D-77ECEDC2B1DB}.AppStore|Any CPU.ActiveCfg = Release|Any CPU
		{1AA5FA13-7425-4860-AC6D-77ECEDC2B1DB}.AppStore|Any CPU.Build.0 = Release|Any CPU
		{1AA5FA13-7425-4860-AC6D-77ECEDC2B1DB}.AppStore|iPhone.ActiveCfg = Release|Any CPU
		{1AA5FA13-7425-4860-AC6D-77ECEDC2B1DB}.AppStore|iPhone.Build.0 = Release|Any CPU
		{1AA5FA13-7425-4860-AC6D-77ECEDC2B1DB}.AppStore|iPhoneSimulator.ActiveCfg = Release|Any CPU
		{1AA5FA13-7425-4860-AC6D-77ECEDC2B1DB}.AppStore|iPhoneSimulator.Build.0 = Release|Any CPU
		{1AA5FA13-7425-4860-AC6D-77ECEDC2B1DB}.Debug|Any CPU.ActiveCfg = Debug|Any CPU
		{1AA5FA13-7425-4860-AC6D-77ECEDC2B1DB}.Debug|Any CPU.Build.0 = Debug|Any CPU
		{1AA5FA13-7425-4860-AC6D-77ECEDC2B1DB}.Debug|iPhone.ActiveCfg = Debug|Any CPU
		{1AA5FA13-7425-4860-AC6D-77ECEDC2B1DB}.Debug|iPhone.Build.0 = Debug|Any CPU
		{1AA5FA13-7425-4860-AC6D-77ECEDC2B1DB}.Debug|iPhoneSimulator.ActiveCfg = Debug|Any CPU
		{1AA5FA13-7425-4860-AC6D-77ECEDC2B1DB}.Debug|iPhoneSimulator.Build.0 = Debug|Any CPU
		{1AA5FA13-7425-4860-AC6D-77ECEDC2B1DB}.Release .Net 4|Any CPU.ActiveCfg = Release|Any CPU
		{1AA5FA13-7425-4860-AC6D-77ECEDC2B1DB}.Release .Net 4|Any CPU.Build.0 = Release|Any CPU
		{1AA5FA13-7425-4860-AC6D-77ECEDC2B1DB}.Release .Net 4|iPhone.ActiveCfg = Release|Any CPU
		{1AA5FA13-7425-4860-AC6D-77ECEDC2B1DB}.Release .Net 4|iPhone.Build.0 = Release|Any CPU
		{1AA5FA13-7425-4860-AC6D-77ECEDC2B1DB}.Release .Net 4|iPhoneSimulator.ActiveCfg = Release|Any CPU
		{1AA5FA13-7425-4860-AC6D-77ECEDC2B1DB}.Release .Net 4|iPhoneSimulator.Build.0 = Release|Any CPU
		{1AA5FA13-7425-4860-AC6D-77ECEDC2B1DB}.Release|Any CPU.ActiveCfg = Release|Any CPU
		{1AA5FA13-7425-4860-AC6D-77ECEDC2B1DB}.Release|Any CPU.Build.0 = Release|Any CPU
		{1AA5FA13-7425-4860-AC6D-77ECEDC2B1DB}.Release|iPhone.ActiveCfg = Release|Any CPU
		{1AA5FA13-7425-4860-AC6D-77ECEDC2B1DB}.Release|iPhone.Build.0 = Release|Any CPU
		{1AA5FA13-7425-4860-AC6D-77ECEDC2B1DB}.Release|iPhoneSimulator.ActiveCfg = Release|Any CPU
		{1AA5FA13-7425-4860-AC6D-77ECEDC2B1DB}.Release|iPhoneSimulator.Build.0 = Release|Any CPU
		{1AA5FA13-7425-4860-AC6D-77ECEDC2B1DB}.x64|Any CPU.ActiveCfg = Release|Any CPU
		{1AA5FA13-7425-4860-AC6D-77ECEDC2B1DB}.x64|Any CPU.Build.0 = Release|Any CPU
		{1AA5FA13-7425-4860-AC6D-77ECEDC2B1DB}.x64|iPhone.ActiveCfg = Release|Any CPU
		{1AA5FA13-7425-4860-AC6D-77ECEDC2B1DB}.x64|iPhone.Build.0 = Release|Any CPU
		{1AA5FA13-7425-4860-AC6D-77ECEDC2B1DB}.x64|iPhoneSimulator.ActiveCfg = Release|Any CPU
		{1AA5FA13-7425-4860-AC6D-77ECEDC2B1DB}.x64|iPhoneSimulator.Build.0 = Release|Any CPU
		{254271D0-4784-4E48-83F4-17A44F1E8C36}.Ad-Hoc|Any CPU.ActiveCfg = x64|Any CPU
		{254271D0-4784-4E48-83F4-17A44F1E8C36}.Ad-Hoc|Any CPU.Build.0 = x64|Any CPU
		{254271D0-4784-4E48-83F4-17A44F1E8C36}.Ad-Hoc|iPhone.ActiveCfg = x64|Any CPU
		{254271D0-4784-4E48-83F4-17A44F1E8C36}.Ad-Hoc|iPhone.Build.0 = x64|Any CPU
		{254271D0-4784-4E48-83F4-17A44F1E8C36}.Ad-Hoc|iPhoneSimulator.ActiveCfg = x64|Any CPU
		{254271D0-4784-4E48-83F4-17A44F1E8C36}.Ad-Hoc|iPhoneSimulator.Build.0 = x64|Any CPU
		{254271D0-4784-4E48-83F4-17A44F1E8C36}.AppStore|Any CPU.ActiveCfg = x64|Any CPU
		{254271D0-4784-4E48-83F4-17A44F1E8C36}.AppStore|Any CPU.Build.0 = x64|Any CPU
		{254271D0-4784-4E48-83F4-17A44F1E8C36}.AppStore|iPhone.ActiveCfg = x64|Any CPU
		{254271D0-4784-4E48-83F4-17A44F1E8C36}.AppStore|iPhone.Build.0 = x64|Any CPU
		{254271D0-4784-4E48-83F4-17A44F1E8C36}.AppStore|iPhoneSimulator.ActiveCfg = x64|Any CPU
		{254271D0-4784-4E48-83F4-17A44F1E8C36}.AppStore|iPhoneSimulator.Build.0 = x64|Any CPU
		{254271D0-4784-4E48-83F4-17A44F1E8C36}.Debug|Any CPU.ActiveCfg = Debug|Any CPU
		{254271D0-4784-4E48-83F4-17A44F1E8C36}.Debug|Any CPU.Build.0 = Debug|Any CPU
		{254271D0-4784-4E48-83F4-17A44F1E8C36}.Debug|iPhone.ActiveCfg = Debug|Any CPU
		{254271D0-4784-4E48-83F4-17A44F1E8C36}.Debug|iPhone.Build.0 = Debug|Any CPU
		{254271D0-4784-4E48-83F4-17A44F1E8C36}.Debug|iPhoneSimulator.ActiveCfg = Debug|Any CPU
		{254271D0-4784-4E48-83F4-17A44F1E8C36}.Debug|iPhoneSimulator.Build.0 = Debug|Any CPU
		{254271D0-4784-4E48-83F4-17A44F1E8C36}.Release .Net 4|Any CPU.ActiveCfg = Release .Net 4|Any CPU
		{254271D0-4784-4E48-83F4-17A44F1E8C36}.Release .Net 4|Any CPU.Build.0 = Release .Net 4|Any CPU
		{254271D0-4784-4E48-83F4-17A44F1E8C36}.Release .Net 4|iPhone.ActiveCfg = Release .Net 4|Any CPU
		{254271D0-4784-4E48-83F4-17A44F1E8C36}.Release .Net 4|iPhone.Build.0 = Release .Net 4|Any CPU
		{254271D0-4784-4E48-83F4-17A44F1E8C36}.Release .Net 4|iPhoneSimulator.ActiveCfg = Release .Net 4|Any CPU
		{254271D0-4784-4E48-83F4-17A44F1E8C36}.Release .Net 4|iPhoneSimulator.Build.0 = Release .Net 4|Any CPU
		{254271D0-4784-4E48-83F4-17A44F1E8C36}.Release|Any CPU.ActiveCfg = Release|Any CPU
		{254271D0-4784-4E48-83F4-17A44F1E8C36}.Release|Any CPU.Build.0 = Release|Any CPU
		{254271D0-4784-4E48-83F4-17A44F1E8C36}.Release|iPhone.ActiveCfg = Release|Any CPU
		{254271D0-4784-4E48-83F4-17A44F1E8C36}.Release|iPhone.Build.0 = Release|Any CPU
		{254271D0-4784-4E48-83F4-17A44F1E8C36}.Release|iPhoneSimulator.ActiveCfg = Release|Any CPU
		{254271D0-4784-4E48-83F4-17A44F1E8C36}.Release|iPhoneSimulator.Build.0 = Release|Any CPU
		{254271D0-4784-4E48-83F4-17A44F1E8C36}.x64|Any CPU.ActiveCfg = x64|Any CPU
		{254271D0-4784-4E48-83F4-17A44F1E8C36}.x64|Any CPU.Build.0 = x64|Any CPU
		{254271D0-4784-4E48-83F4-17A44F1E8C36}.x64|iPhone.ActiveCfg = x64|Any CPU
		{254271D0-4784-4E48-83F4-17A44F1E8C36}.x64|iPhone.Build.0 = x64|Any CPU
		{254271D0-4784-4E48-83F4-17A44F1E8C36}.x64|iPhoneSimulator.ActiveCfg = x64|Any CPU
		{254271D0-4784-4E48-83F4-17A44F1E8C36}.x64|iPhoneSimulator.Build.0 = x64|Any CPU
		{DA99C1EB-10C0-4CE1-B44A-787C4EAA5946}.Ad-Hoc|Any CPU.ActiveCfg = Debug|Any CPU
		{DA99C1EB-10C0-4CE1-B44A-787C4EAA5946}.Ad-Hoc|Any CPU.Build.0 = Debug|Any CPU
		{DA99C1EB-10C0-4CE1-B44A-787C4EAA5946}.Ad-Hoc|iPhone.ActiveCfg = Debug|Any CPU
		{DA99C1EB-10C0-4CE1-B44A-787C4EAA5946}.Ad-Hoc|iPhone.Build.0 = Debug|Any CPU
		{DA99C1EB-10C0-4CE1-B44A-787C4EAA5946}.Ad-Hoc|iPhoneSimulator.ActiveCfg = Debug|Any CPU
		{DA99C1EB-10C0-4CE1-B44A-787C4EAA5946}.Ad-Hoc|iPhoneSimulator.Build.0 = Debug|Any CPU
		{DA99C1EB-10C0-4CE1-B44A-787C4EAA5946}.AppStore|Any CPU.ActiveCfg = Debug|Any CPU
		{DA99C1EB-10C0-4CE1-B44A-787C4EAA5946}.AppStore|Any CPU.Build.0 = Debug|Any CPU
		{DA99C1EB-10C0-4CE1-B44A-787C4EAA5946}.AppStore|iPhone.ActiveCfg = Debug|Any CPU
		{DA99C1EB-10C0-4CE1-B44A-787C4EAA5946}.AppStore|iPhone.Build.0 = Debug|Any CPU
		{DA99C1EB-10C0-4CE1-B44A-787C4EAA5946}.AppStore|iPhoneSimulator.ActiveCfg = Debug|Any CPU
		{DA99C1EB-10C0-4CE1-B44A-787C4EAA5946}.AppStore|iPhoneSimulator.Build.0 = Debug|Any CPU
		{DA99C1EB-10C0-4CE1-B44A-787C4EAA5946}.Debug|Any CPU.ActiveCfg = Debug|Any CPU
		{DA99C1EB-10C0-4CE1-B44A-787C4EAA5946}.Debug|Any CPU.Build.0 = Debug|Any CPU
		{DA99C1EB-10C0-4CE1-B44A-787C4EAA5946}.Debug|iPhone.ActiveCfg = Debug|Any CPU
		{DA99C1EB-10C0-4CE1-B44A-787C4EAA5946}.Debug|iPhone.Build.0 = Debug|Any CPU
		{DA99C1EB-10C0-4CE1-B44A-787C4EAA5946}.Debug|iPhoneSimulator.ActiveCfg = Debug|Any CPU
		{DA99C1EB-10C0-4CE1-B44A-787C4EAA5946}.Debug|iPhoneSimulator.Build.0 = Debug|Any CPU
		{DA99C1EB-10C0-4CE1-B44A-787C4EAA5946}.Release .Net 4|Any CPU.ActiveCfg = Release|Any CPU
		{DA99C1EB-10C0-4CE1-B44A-787C4EAA5946}.Release .Net 4|Any CPU.Build.0 = Release|Any CPU
		{DA99C1EB-10C0-4CE1-B44A-787C4EAA5946}.Release .Net 4|iPhone.ActiveCfg = Release|Any CPU
		{DA99C1EB-10C0-4CE1-B44A-787C4EAA5946}.Release .Net 4|iPhone.Build.0 = Release|Any CPU
		{DA99C1EB-10C0-4CE1-B44A-787C4EAA5946}.Release .Net 4|iPhoneSimulator.ActiveCfg = Release|Any CPU
		{DA99C1EB-10C0-4CE1-B44A-787C4EAA5946}.Release .Net 4|iPhoneSimulator.Build.0 = Release|Any CPU
		{DA99C1EB-10C0-4CE1-B44A-787C4EAA5946}.Release|Any CPU.ActiveCfg = Release|Any CPU
		{DA99C1EB-10C0-4CE1-B44A-787C4EAA5946}.Release|Any CPU.Build.0 = Release|Any CPU
		{DA99C1EB-10C0-4CE1-B44A-787C4EAA5946}.Release|iPhone.ActiveCfg = Release|Any CPU
		{DA99C1EB-10C0-4CE1-B44A-787C4EAA5946}.Release|iPhone.Build.0 = Release|Any CPU
		{DA99C1EB-10C0-4CE1-B44A-787C4EAA5946}.Release|iPhoneSimulator.ActiveCfg = Release|Any CPU
		{DA99C1EB-10C0-4CE1-B44A-787C4EAA5946}.Release|iPhoneSimulator.Build.0 = Release|Any CPU
		{DA99C1EB-10C0-4CE1-B44A-787C4EAA5946}.x64|Any CPU.ActiveCfg = Debug|Any CPU
		{DA99C1EB-10C0-4CE1-B44A-787C4EAA5946}.x64|Any CPU.Build.0 = Debug|Any CPU
		{DA99C1EB-10C0-4CE1-B44A-787C4EAA5946}.x64|iPhone.ActiveCfg = Debug|Any CPU
		{DA99C1EB-10C0-4CE1-B44A-787C4EAA5946}.x64|iPhone.Build.0 = Debug|Any CPU
		{DA99C1EB-10C0-4CE1-B44A-787C4EAA5946}.x64|iPhoneSimulator.ActiveCfg = Debug|Any CPU
		{DA99C1EB-10C0-4CE1-B44A-787C4EAA5946}.x64|iPhoneSimulator.Build.0 = Debug|Any CPU
		{EBD18385-6962-451C-8543-993717B852B0}.Ad-Hoc|Any CPU.ActiveCfg = Debug|Any CPU
		{EBD18385-6962-451C-8543-993717B852B0}.Ad-Hoc|Any CPU.Build.0 = Debug|Any CPU
		{EBD18385-6962-451C-8543-993717B852B0}.Ad-Hoc|iPhone.ActiveCfg = Debug|Any CPU
		{EBD18385-6962-451C-8543-993717B852B0}.Ad-Hoc|iPhone.Build.0 = Debug|Any CPU
		{EBD18385-6962-451C-8543-993717B852B0}.Ad-Hoc|iPhoneSimulator.ActiveCfg = Debug|Any CPU
		{EBD18385-6962-451C-8543-993717B852B0}.Ad-Hoc|iPhoneSimulator.Build.0 = Debug|Any CPU
		{EBD18385-6962-451C-8543-993717B852B0}.AppStore|Any CPU.ActiveCfg = Debug|Any CPU
		{EBD18385-6962-451C-8543-993717B852B0}.AppStore|Any CPU.Build.0 = Debug|Any CPU
		{EBD18385-6962-451C-8543-993717B852B0}.AppStore|iPhone.ActiveCfg = Debug|Any CPU
		{EBD18385-6962-451C-8543-993717B852B0}.AppStore|iPhone.Build.0 = Debug|Any CPU
		{EBD18385-6962-451C-8543-993717B852B0}.AppStore|iPhoneSimulator.ActiveCfg = Debug|Any CPU
		{EBD18385-6962-451C-8543-993717B852B0}.AppStore|iPhoneSimulator.Build.0 = Debug|Any CPU
		{EBD18385-6962-451C-8543-993717B852B0}.Debug|Any CPU.ActiveCfg = Debug|Any CPU
		{EBD18385-6962-451C-8543-993717B852B0}.Debug|Any CPU.Build.0 = Debug|Any CPU
		{EBD18385-6962-451C-8543-993717B852B0}.Debug|iPhone.ActiveCfg = Debug|Any CPU
		{EBD18385-6962-451C-8543-993717B852B0}.Debug|iPhone.Build.0 = Debug|Any CPU
		{EBD18385-6962-451C-8543-993717B852B0}.Debug|iPhoneSimulator.ActiveCfg = Debug|Any CPU
		{EBD18385-6962-451C-8543-993717B852B0}.Debug|iPhoneSimulator.Build.0 = Debug|Any CPU
		{EBD18385-6962-451C-8543-993717B852B0}.Release .Net 4|Any CPU.ActiveCfg = Release|Any CPU
		{EBD18385-6962-451C-8543-993717B852B0}.Release .Net 4|Any CPU.Build.0 = Release|Any CPU
		{EBD18385-6962-451C-8543-993717B852B0}.Release .Net 4|iPhone.ActiveCfg = Release|Any CPU
		{EBD18385-6962-451C-8543-993717B852B0}.Release .Net 4|iPhone.Build.0 = Release|Any CPU
		{EBD18385-6962-451C-8543-993717B852B0}.Release .Net 4|iPhoneSimulator.ActiveCfg = Release|Any CPU
		{EBD18385-6962-451C-8543-993717B852B0}.Release .Net 4|iPhoneSimulator.Build.0 = Release|Any CPU
		{EBD18385-6962-451C-8543-993717B852B0}.Release|Any CPU.ActiveCfg = Release|Any CPU
		{EBD18385-6962-451C-8543-993717B852B0}.Release|Any CPU.Build.0 = Release|Any CPU
		{EBD18385-6962-451C-8543-993717B852B0}.Release|iPhone.ActiveCfg = Release|Any CPU
		{EBD18385-6962-451C-8543-993717B852B0}.Release|iPhone.Build.0 = Release|Any CPU
		{EBD18385-6962-451C-8543-993717B852B0}.Release|iPhoneSimulator.ActiveCfg = Release|Any CPU
		{EBD18385-6962-451C-8543-993717B852B0}.Release|iPhoneSimulator.Build.0 = Release|Any CPU
		{EBD18385-6962-451C-8543-993717B852B0}.x64|Any CPU.ActiveCfg = Debug|Any CPU
		{EBD18385-6962-451C-8543-993717B852B0}.x64|Any CPU.Build.0 = Debug|Any CPU
		{EBD18385-6962-451C-8543-993717B852B0}.x64|iPhone.ActiveCfg = Debug|Any CPU
		{EBD18385-6962-451C-8543-993717B852B0}.x64|iPhone.Build.0 = Debug|Any CPU
		{EBD18385-6962-451C-8543-993717B852B0}.x64|iPhoneSimulator.ActiveCfg = Debug|Any CPU
		{EBD18385-6962-451C-8543-993717B852B0}.x64|iPhoneSimulator.Build.0 = Debug|Any CPU
		{C71B0D83-A5C3-4DE4-9CE5-D0A50FF3A9CD}.Ad-Hoc|Any CPU.ActiveCfg = Debug|Any CPU
		{C71B0D83-A5C3-4DE4-9CE5-D0A50FF3A9CD}.Ad-Hoc|Any CPU.Build.0 = Debug|Any CPU
		{C71B0D83-A5C3-4DE4-9CE5-D0A50FF3A9CD}.Ad-Hoc|iPhone.ActiveCfg = Debug|Any CPU
		{C71B0D83-A5C3-4DE4-9CE5-D0A50FF3A9CD}.Ad-Hoc|iPhone.Build.0 = Debug|Any CPU
		{C71B0D83-A5C3-4DE4-9CE5-D0A50FF3A9CD}.Ad-Hoc|iPhoneSimulator.ActiveCfg = Debug|Any CPU
		{C71B0D83-A5C3-4DE4-9CE5-D0A50FF3A9CD}.Ad-Hoc|iPhoneSimulator.Build.0 = Debug|Any CPU
		{C71B0D83-A5C3-4DE4-9CE5-D0A50FF3A9CD}.AppStore|Any CPU.ActiveCfg = Debug|Any CPU
		{C71B0D83-A5C3-4DE4-9CE5-D0A50FF3A9CD}.AppStore|Any CPU.Build.0 = Debug|Any CPU
		{C71B0D83-A5C3-4DE4-9CE5-D0A50FF3A9CD}.AppStore|iPhone.ActiveCfg = Debug|Any CPU
		{C71B0D83-A5C3-4DE4-9CE5-D0A50FF3A9CD}.AppStore|iPhone.Build.0 = Debug|Any CPU
		{C71B0D83-A5C3-4DE4-9CE5-D0A50FF3A9CD}.AppStore|iPhoneSimulator.ActiveCfg = Debug|Any CPU
		{C71B0D83-A5C3-4DE4-9CE5-D0A50FF3A9CD}.AppStore|iPhoneSimulator.Build.0 = Debug|Any CPU
		{C71B0D83-A5C3-4DE4-9CE5-D0A50FF3A9CD}.Debug|Any CPU.ActiveCfg = Debug|Any CPU
		{C71B0D83-A5C3-4DE4-9CE5-D0A50FF3A9CD}.Debug|Any CPU.Build.0 = Debug|Any CPU
		{C71B0D83-A5C3-4DE4-9CE5-D0A50FF3A9CD}.Debug|iPhone.ActiveCfg = Debug|Any CPU
		{C71B0D83-A5C3-4DE4-9CE5-D0A50FF3A9CD}.Debug|iPhone.Build.0 = Debug|Any CPU
		{C71B0D83-A5C3-4DE4-9CE5-D0A50FF3A9CD}.Debug|iPhoneSimulator.ActiveCfg = Debug|Any CPU
		{C71B0D83-A5C3-4DE4-9CE5-D0A50FF3A9CD}.Debug|iPhoneSimulator.Build.0 = Debug|Any CPU
		{C71B0D83-A5C3-4DE4-9CE5-D0A50FF3A9CD}.Release .Net 4|Any CPU.ActiveCfg = Release|Any CPU
		{C71B0D83-A5C3-4DE4-9CE5-D0A50FF3A9CD}.Release .Net 4|Any CPU.Build.0 = Release|Any CPU
		{C71B0D83-A5C3-4DE4-9CE5-D0A50FF3A9CD}.Release .Net 4|iPhone.ActiveCfg = Release|Any CPU
		{C71B0D83-A5C3-4DE4-9CE5-D0A50FF3A9CD}.Release .Net 4|iPhone.Build.0 = Release|Any CPU
		{C71B0D83-A5C3-4DE4-9CE5-D0A50FF3A9CD}.Release .Net 4|iPhoneSimulator.ActiveCfg = Release|Any CPU
		{C71B0D83-A5C3-4DE4-9CE5-D0A50FF3A9CD}.Release .Net 4|iPhoneSimulator.Build.0 = Release|Any CPU
		{C71B0D83-A5C3-4DE4-9CE5-D0A50FF3A9CD}.Release|Any CPU.ActiveCfg = Release|Any CPU
		{C71B0D83-A5C3-4DE4-9CE5-D0A50FF3A9CD}.Release|Any CPU.Build.0 = Release|Any CPU
		{C71B0D83-A5C3-4DE4-9CE5-D0A50FF3A9CD}.Release|iPhone.ActiveCfg = Release|Any CPU
		{C71B0D83-A5C3-4DE4-9CE5-D0A50FF3A9CD}.Release|iPhone.Build.0 = Release|Any CPU
		{C71B0D83-A5C3-4DE4-9CE5-D0A50FF3A9CD}.Release|iPhoneSimulator.ActiveCfg = Release|Any CPU
		{C71B0D83-A5C3-4DE4-9CE5-D0A50FF3A9CD}.Release|iPhoneSimulator.Build.0 = Release|Any CPU
		{C71B0D83-A5C3-4DE4-9CE5-D0A50FF3A9CD}.x64|Any CPU.ActiveCfg = Debug|Any CPU
		{C71B0D83-A5C3-4DE4-9CE5-D0A50FF3A9CD}.x64|Any CPU.Build.0 = Debug|Any CPU
		{C71B0D83-A5C3-4DE4-9CE5-D0A50FF3A9CD}.x64|iPhone.ActiveCfg = Debug|Any CPU
		{C71B0D83-A5C3-4DE4-9CE5-D0A50FF3A9CD}.x64|iPhone.Build.0 = Debug|Any CPU
		{C71B0D83-A5C3-4DE4-9CE5-D0A50FF3A9CD}.x64|iPhoneSimulator.ActiveCfg = Debug|Any CPU
		{C71B0D83-A5C3-4DE4-9CE5-D0A50FF3A9CD}.x64|iPhoneSimulator.Build.0 = Debug|Any CPU
		{B5C886B6-1976-4E5E-9031-F7921C8B9663}.Ad-Hoc|Any CPU.ActiveCfg = Debug|Any CPU
		{B5C886B6-1976-4E5E-9031-F7921C8B9663}.Ad-Hoc|Any CPU.Build.0 = Debug|Any CPU
		{B5C886B6-1976-4E5E-9031-F7921C8B9663}.Ad-Hoc|iPhone.ActiveCfg = Debug|Any CPU
		{B5C886B6-1976-4E5E-9031-F7921C8B9663}.Ad-Hoc|iPhone.Build.0 = Debug|Any CPU
		{B5C886B6-1976-4E5E-9031-F7921C8B9663}.Ad-Hoc|iPhoneSimulator.ActiveCfg = Debug|Any CPU
		{B5C886B6-1976-4E5E-9031-F7921C8B9663}.Ad-Hoc|iPhoneSimulator.Build.0 = Debug|Any CPU
		{B5C886B6-1976-4E5E-9031-F7921C8B9663}.AppStore|Any CPU.ActiveCfg = Debug|Any CPU
		{B5C886B6-1976-4E5E-9031-F7921C8B9663}.AppStore|Any CPU.Build.0 = Debug|Any CPU
		{B5C886B6-1976-4E5E-9031-F7921C8B9663}.AppStore|iPhone.ActiveCfg = Debug|Any CPU
		{B5C886B6-1976-4E5E-9031-F7921C8B9663}.AppStore|iPhone.Build.0 = Debug|Any CPU
		{B5C886B6-1976-4E5E-9031-F7921C8B9663}.AppStore|iPhoneSimulator.ActiveCfg = Debug|Any CPU
		{B5C886B6-1976-4E5E-9031-F7921C8B9663}.AppStore|iPhoneSimulator.Build.0 = Debug|Any CPU
		{B5C886B6-1976-4E5E-9031-F7921C8B9663}.Debug|Any CPU.ActiveCfg = Debug|Any CPU
		{B5C886B6-1976-4E5E-9031-F7921C8B9663}.Debug|Any CPU.Build.0 = Debug|Any CPU
		{B5C886B6-1976-4E5E-9031-F7921C8B9663}.Debug|iPhone.ActiveCfg = Debug|Any CPU
		{B5C886B6-1976-4E5E-9031-F7921C8B9663}.Debug|iPhone.Build.0 = Debug|Any CPU
		{B5C886B6-1976-4E5E-9031-F7921C8B9663}.Debug|iPhoneSimulator.ActiveCfg = Debug|Any CPU
		{B5C886B6-1976-4E5E-9031-F7921C8B9663}.Debug|iPhoneSimulator.Build.0 = Debug|Any CPU
		{B5C886B6-1976-4E5E-9031-F7921C8B9663}.Release .Net 4|Any CPU.ActiveCfg = Release|Any CPU
		{B5C886B6-1976-4E5E-9031-F7921C8B9663}.Release .Net 4|Any CPU.Build.0 = Release|Any CPU
		{B5C886B6-1976-4E5E-9031-F7921C8B9663}.Release .Net 4|iPhone.ActiveCfg = Release|Any CPU
		{B5C886B6-1976-4E5E-9031-F7921C8B9663}.Release .Net 4|iPhone.Build.0 = Release|Any CPU
		{B5C886B6-1976-4E5E-9031-F7921C8B9663}.Release .Net 4|iPhoneSimulator.ActiveCfg = Release|Any CPU
		{B5C886B6-1976-4E5E-9031-F7921C8B9663}.Release .Net 4|iPhoneSimulator.Build.0 = Release|Any CPU
		{B5C886B6-1976-4E5E-9031-F7921C8B9663}.Release|Any CPU.ActiveCfg = Release|Any CPU
		{B5C886B6-1976-4E5E-9031-F7921C8B9663}.Release|Any CPU.Build.0 = Release|Any CPU
		{B5C886B6-1976-4E5E-9031-F7921C8B9663}.Release|iPhone.ActiveCfg = Release|Any CPU
		{B5C886B6-1976-4E5E-9031-F7921C8B9663}.Release|iPhone.Build.0 = Release|Any CPU
		{B5C886B6-1976-4E5E-9031-F7921C8B9663}.Release|iPhoneSimulator.ActiveCfg = Release|Any CPU
		{B5C886B6-1976-4E5E-9031-F7921C8B9663}.Release|iPhoneSimulator.Build.0 = Release|Any CPU
		{B5C886B6-1976-4E5E-9031-F7921C8B9663}.x64|Any CPU.ActiveCfg = Debug|Any CPU
		{B5C886B6-1976-4E5E-9031-F7921C8B9663}.x64|Any CPU.Build.0 = Debug|Any CPU
		{B5C886B6-1976-4E5E-9031-F7921C8B9663}.x64|iPhone.ActiveCfg = Debug|Any CPU
		{B5C886B6-1976-4E5E-9031-F7921C8B9663}.x64|iPhone.Build.0 = Debug|Any CPU
		{B5C886B6-1976-4E5E-9031-F7921C8B9663}.x64|iPhoneSimulator.ActiveCfg = Debug|Any CPU
		{B5C886B6-1976-4E5E-9031-F7921C8B9663}.x64|iPhoneSimulator.Build.0 = Debug|Any CPU
		{A9BC105C-4879-4183-B141-BACE11E945FD}.Ad-Hoc|Any CPU.ActiveCfg = Debug|Any CPU
		{A9BC105C-4879-4183-B141-BACE11E945FD}.Ad-Hoc|Any CPU.Build.0 = Debug|Any CPU
		{A9BC105C-4879-4183-B141-BACE11E945FD}.Ad-Hoc|iPhone.ActiveCfg = Debug|Any CPU
		{A9BC105C-4879-4183-B141-BACE11E945FD}.Ad-Hoc|iPhone.Build.0 = Debug|Any CPU
		{A9BC105C-4879-4183-B141-BACE11E945FD}.Ad-Hoc|iPhoneSimulator.ActiveCfg = Debug|Any CPU
		{A9BC105C-4879-4183-B141-BACE11E945FD}.Ad-Hoc|iPhoneSimulator.Build.0 = Debug|Any CPU
		{A9BC105C-4879-4183-B141-BACE11E945FD}.AppStore|Any CPU.ActiveCfg = Debug|Any CPU
		{A9BC105C-4879-4183-B141-BACE11E945FD}.AppStore|Any CPU.Build.0 = Debug|Any CPU
		{A9BC105C-4879-4183-B141-BACE11E945FD}.AppStore|iPhone.ActiveCfg = Debug|Any CPU
		{A9BC105C-4879-4183-B141-BACE11E945FD}.AppStore|iPhone.Build.0 = Debug|Any CPU
		{A9BC105C-4879-4183-B141-BACE11E945FD}.AppStore|iPhoneSimulator.ActiveCfg = Debug|Any CPU
		{A9BC105C-4879-4183-B141-BACE11E945FD}.AppStore|iPhoneSimulator.Build.0 = Debug|Any CPU
		{A9BC105C-4879-4183-B141-BACE11E945FD}.Debug|Any CPU.ActiveCfg = Debug|Any CPU
		{A9BC105C-4879-4183-B141-BACE11E945FD}.Debug|Any CPU.Build.0 = Debug|Any CPU
		{A9BC105C-4879-4183-B141-BACE11E945FD}.Debug|iPhone.ActiveCfg = Debug|Any CPU
		{A9BC105C-4879-4183-B141-BACE11E945FD}.Debug|iPhone.Build.0 = Debug|Any CPU
		{A9BC105C-4879-4183-B141-BACE11E945FD}.Debug|iPhoneSimulator.ActiveCfg = Debug|Any CPU
		{A9BC105C-4879-4183-B141-BACE11E945FD}.Debug|iPhoneSimulator.Build.0 = Debug|Any CPU
		{A9BC105C-4879-4183-B141-BACE11E945FD}.Release .Net 4|Any CPU.ActiveCfg = Release|Any CPU
		{A9BC105C-4879-4183-B141-BACE11E945FD}.Release .Net 4|Any CPU.Build.0 = Release|Any CPU
		{A9BC105C-4879-4183-B141-BACE11E945FD}.Release .Net 4|iPhone.ActiveCfg = Release|Any CPU
		{A9BC105C-4879-4183-B141-BACE11E945FD}.Release .Net 4|iPhone.Build.0 = Release|Any CPU
		{A9BC105C-4879-4183-B141-BACE11E945FD}.Release .Net 4|iPhoneSimulator.ActiveCfg = Release|Any CPU
		{A9BC105C-4879-4183-B141-BACE11E945FD}.Release .Net 4|iPhoneSimulator.Build.0 = Release|Any CPU
		{A9BC105C-4879-4183-B141-BACE11E945FD}.Release|Any CPU.ActiveCfg = Release|Any CPU
		{A9BC105C-4879-4183-B141-BACE11E945FD}.Release|Any CPU.Build.0 = Release|Any CPU
		{A9BC105C-4879-4183-B141-BACE11E945FD}.Release|iPhone.ActiveCfg = Release|Any CPU
		{A9BC105C-4879-4183-B141-BACE11E945FD}.Release|iPhone.Build.0 = Release|Any CPU
		{A9BC105C-4879-4183-B141-BACE11E945FD}.Release|iPhoneSimulator.ActiveCfg = Release|Any CPU
		{A9BC105C-4879-4183-B141-BACE11E945FD}.Release|iPhoneSimulator.Build.0 = Release|Any CPU
		{A9BC105C-4879-4183-B141-BACE11E945FD}.x64|Any CPU.ActiveCfg = Debug|Any CPU
		{A9BC105C-4879-4183-B141-BACE11E945FD}.x64|Any CPU.Build.0 = Debug|Any CPU
		{A9BC105C-4879-4183-B141-BACE11E945FD}.x64|iPhone.ActiveCfg = Debug|Any CPU
		{A9BC105C-4879-4183-B141-BACE11E945FD}.x64|iPhone.Build.0 = Debug|Any CPU
		{A9BC105C-4879-4183-B141-BACE11E945FD}.x64|iPhoneSimulator.ActiveCfg = Debug|Any CPU
		{A9BC105C-4879-4183-B141-BACE11E945FD}.x64|iPhoneSimulator.Build.0 = Debug|Any CPU
		{829C12FC-75B1-4ADB-8E08-118B051B4BCE}.Ad-Hoc|Any CPU.ActiveCfg = Debug|Any CPU
		{829C12FC-75B1-4ADB-8E08-118B051B4BCE}.Ad-Hoc|Any CPU.Build.0 = Debug|Any CPU
		{829C12FC-75B1-4ADB-8E08-118B051B4BCE}.Ad-Hoc|iPhone.ActiveCfg = Debug|Any CPU
		{829C12FC-75B1-4ADB-8E08-118B051B4BCE}.Ad-Hoc|iPhone.Build.0 = Debug|Any CPU
		{829C12FC-75B1-4ADB-8E08-118B051B4BCE}.Ad-Hoc|iPhoneSimulator.ActiveCfg = Debug|Any CPU
		{829C12FC-75B1-4ADB-8E08-118B051B4BCE}.Ad-Hoc|iPhoneSimulator.Build.0 = Debug|Any CPU
		{829C12FC-75B1-4ADB-8E08-118B051B4BCE}.AppStore|Any CPU.ActiveCfg = Debug|Any CPU
		{829C12FC-75B1-4ADB-8E08-118B051B4BCE}.AppStore|Any CPU.Build.0 = Debug|Any CPU
		{829C12FC-75B1-4ADB-8E08-118B051B4BCE}.AppStore|iPhone.ActiveCfg = Debug|Any CPU
		{829C12FC-75B1-4ADB-8E08-118B051B4BCE}.AppStore|iPhone.Build.0 = Debug|Any CPU
		{829C12FC-75B1-4ADB-8E08-118B051B4BCE}.AppStore|iPhoneSimulator.ActiveCfg = Debug|Any CPU
		{829C12FC-75B1-4ADB-8E08-118B051B4BCE}.AppStore|iPhoneSimulator.Build.0 = Debug|Any CPU
		{829C12FC-75B1-4ADB-8E08-118B051B4BCE}.Debug|Any CPU.ActiveCfg = Debug|Any CPU
		{829C12FC-75B1-4ADB-8E08-118B051B4BCE}.Debug|Any CPU.Build.0 = Debug|Any CPU
		{829C12FC-75B1-4ADB-8E08-118B051B4BCE}.Debug|iPhone.ActiveCfg = Debug|Any CPU
		{829C12FC-75B1-4ADB-8E08-118B051B4BCE}.Debug|iPhone.Build.0 = Debug|Any CPU
		{829C12FC-75B1-4ADB-8E08-118B051B4BCE}.Debug|iPhoneSimulator.ActiveCfg = Debug|Any CPU
		{829C12FC-75B1-4ADB-8E08-118B051B4BCE}.Debug|iPhoneSimulator.Build.0 = Debug|Any CPU
		{829C12FC-75B1-4ADB-8E08-118B051B4BCE}.Release .Net 4|Any CPU.ActiveCfg = Release|Any CPU
		{829C12FC-75B1-4ADB-8E08-118B051B4BCE}.Release .Net 4|Any CPU.Build.0 = Release|Any CPU
		{829C12FC-75B1-4ADB-8E08-118B051B4BCE}.Release .Net 4|iPhone.ActiveCfg = Release|Any CPU
		{829C12FC-75B1-4ADB-8E08-118B051B4BCE}.Release .Net 4|iPhone.Build.0 = Release|Any CPU
		{829C12FC-75B1-4ADB-8E08-118B051B4BCE}.Release .Net 4|iPhoneSimulator.ActiveCfg = Release|Any CPU
		{829C12FC-75B1-4ADB-8E08-118B051B4BCE}.Release .Net 4|iPhoneSimulator.Build.0 = Release|Any CPU
		{829C12FC-75B1-4ADB-8E08-118B051B4BCE}.Release|Any CPU.ActiveCfg = Release|Any CPU
		{829C12FC-75B1-4ADB-8E08-118B051B4BCE}.Release|Any CPU.Build.0 = Release|Any CPU
		{829C12FC-75B1-4ADB-8E08-118B051B4BCE}.Release|iPhone.ActiveCfg = Release|Any CPU
		{829C12FC-75B1-4ADB-8E08-118B051B4BCE}.Release|iPhone.Build.0 = Release|Any CPU
		{829C12FC-75B1-4ADB-8E08-118B051B4BCE}.Release|iPhoneSimulator.ActiveCfg = Release|Any CPU
		{829C12FC-75B1-4ADB-8E08-118B051B4BCE}.Release|iPhoneSimulator.Build.0 = Release|Any CPU
		{829C12FC-75B1-4ADB-8E08-118B051B4BCE}.x64|Any CPU.ActiveCfg = Debug|Any CPU
		{829C12FC-75B1-4ADB-8E08-118B051B4BCE}.x64|Any CPU.Build.0 = Debug|Any CPU
		{829C12FC-75B1-4ADB-8E08-118B051B4BCE}.x64|iPhone.ActiveCfg = Debug|Any CPU
		{829C12FC-75B1-4ADB-8E08-118B051B4BCE}.x64|iPhone.Build.0 = Debug|Any CPU
		{829C12FC-75B1-4ADB-8E08-118B051B4BCE}.x64|iPhoneSimulator.ActiveCfg = Debug|Any CPU
		{829C12FC-75B1-4ADB-8E08-118B051B4BCE}.x64|iPhoneSimulator.Build.0 = Debug|Any CPU
		{8EBCE374-B373-4BC5-AF02-07E1634B5021}.Ad-Hoc|Any CPU.ActiveCfg = Debug|Any CPU
		{8EBCE374-B373-4BC5-AF02-07E1634B5021}.Ad-Hoc|Any CPU.Build.0 = Debug|Any CPU
		{8EBCE374-B373-4BC5-AF02-07E1634B5021}.Ad-Hoc|iPhone.ActiveCfg = Debug|Any CPU
		{8EBCE374-B373-4BC5-AF02-07E1634B5021}.Ad-Hoc|iPhone.Build.0 = Debug|Any CPU
		{8EBCE374-B373-4BC5-AF02-07E1634B5021}.Ad-Hoc|iPhoneSimulator.ActiveCfg = Debug|Any CPU
		{8EBCE374-B373-4BC5-AF02-07E1634B5021}.Ad-Hoc|iPhoneSimulator.Build.0 = Debug|Any CPU
		{8EBCE374-B373-4BC5-AF02-07E1634B5021}.AppStore|Any CPU.ActiveCfg = Debug|Any CPU
		{8EBCE374-B373-4BC5-AF02-07E1634B5021}.AppStore|Any CPU.Build.0 = Debug|Any CPU
		{8EBCE374-B373-4BC5-AF02-07E1634B5021}.AppStore|iPhone.ActiveCfg = Debug|Any CPU
		{8EBCE374-B373-4BC5-AF02-07E1634B5021}.AppStore|iPhone.Build.0 = Debug|Any CPU
		{8EBCE374-B373-4BC5-AF02-07E1634B5021}.AppStore|iPhoneSimulator.ActiveCfg = Debug|Any CPU
		{8EBCE374-B373-4BC5-AF02-07E1634B5021}.AppStore|iPhoneSimulator.Build.0 = Debug|Any CPU
		{8EBCE374-B373-4BC5-AF02-07E1634B5021}.Debug|Any CPU.ActiveCfg = Debug|Any CPU
		{8EBCE374-B373-4BC5-AF02-07E1634B5021}.Debug|Any CPU.Build.0 = Debug|Any CPU
		{8EBCE374-B373-4BC5-AF02-07E1634B5021}.Debug|iPhone.ActiveCfg = Debug|Any CPU
		{8EBCE374-B373-4BC5-AF02-07E1634B5021}.Debug|iPhone.Build.0 = Debug|Any CPU
		{8EBCE374-B373-4BC5-AF02-07E1634B5021}.Debug|iPhoneSimulator.ActiveCfg = Debug|Any CPU
		{8EBCE374-B373-4BC5-AF02-07E1634B5021}.Debug|iPhoneSimulator.Build.0 = Debug|Any CPU
		{8EBCE374-B373-4BC5-AF02-07E1634B5021}.Release .Net 4|Any CPU.ActiveCfg = Release|Any CPU
		{8EBCE374-B373-4BC5-AF02-07E1634B5021}.Release .Net 4|Any CPU.Build.0 = Release|Any CPU
		{8EBCE374-B373-4BC5-AF02-07E1634B5021}.Release .Net 4|iPhone.ActiveCfg = Release|Any CPU
		{8EBCE374-B373-4BC5-AF02-07E1634B5021}.Release .Net 4|iPhone.Build.0 = Release|Any CPU
		{8EBCE374-B373-4BC5-AF02-07E1634B5021}.Release .Net 4|iPhoneSimulator.ActiveCfg = Release|Any CPU
		{8EBCE374-B373-4BC5-AF02-07E1634B5021}.Release .Net 4|iPhoneSimulator.Build.0 = Release|Any CPU
		{8EBCE374-B373-4BC5-AF02-07E1634B5021}.Release|Any CPU.ActiveCfg = Release|Any CPU
		{8EBCE374-B373-4BC5-AF02-07E1634B5021}.Release|Any CPU.Build.0 = Release|Any CPU
		{8EBCE374-B373-4BC5-AF02-07E1634B5021}.Release|iPhone.ActiveCfg = Release|Any CPU
		{8EBCE374-B373-4BC5-AF02-07E1634B5021}.Release|iPhone.Build.0 = Release|Any CPU
		{8EBCE374-B373-4BC5-AF02-07E1634B5021}.Release|iPhoneSimulator.ActiveCfg = Release|Any CPU
		{8EBCE374-B373-4BC5-AF02-07E1634B5021}.Release|iPhoneSimulator.Build.0 = Release|Any CPU
		{8EBCE374-B373-4BC5-AF02-07E1634B5021}.x64|Any CPU.ActiveCfg = Debug|Any CPU
		{8EBCE374-B373-4BC5-AF02-07E1634B5021}.x64|Any CPU.Build.0 = Debug|Any CPU
		{8EBCE374-B373-4BC5-AF02-07E1634B5021}.x64|iPhone.ActiveCfg = Debug|Any CPU
		{8EBCE374-B373-4BC5-AF02-07E1634B5021}.x64|iPhone.Build.0 = Debug|Any CPU
		{8EBCE374-B373-4BC5-AF02-07E1634B5021}.x64|iPhoneSimulator.ActiveCfg = Debug|Any CPU
		{8EBCE374-B373-4BC5-AF02-07E1634B5021}.x64|iPhoneSimulator.Build.0 = Debug|Any CPU
		{A8C1C195-9239-4EF1-921D-65783350D884}.Ad-Hoc|Any CPU.ActiveCfg = Debug|Any CPU
		{A8C1C195-9239-4EF1-921D-65783350D884}.Ad-Hoc|Any CPU.Build.0 = Debug|Any CPU
		{A8C1C195-9239-4EF1-921D-65783350D884}.Ad-Hoc|iPhone.ActiveCfg = Debug|Any CPU
		{A8C1C195-9239-4EF1-921D-65783350D884}.Ad-Hoc|iPhone.Build.0 = Debug|Any CPU
		{A8C1C195-9239-4EF1-921D-65783350D884}.Ad-Hoc|iPhoneSimulator.ActiveCfg = Debug|Any CPU
		{A8C1C195-9239-4EF1-921D-65783350D884}.Ad-Hoc|iPhoneSimulator.Build.0 = Debug|Any CPU
		{A8C1C195-9239-4EF1-921D-65783350D884}.AppStore|Any CPU.ActiveCfg = Debug|Any CPU
		{A8C1C195-9239-4EF1-921D-65783350D884}.AppStore|Any CPU.Build.0 = Debug|Any CPU
		{A8C1C195-9239-4EF1-921D-65783350D884}.AppStore|iPhone.ActiveCfg = Debug|Any CPU
		{A8C1C195-9239-4EF1-921D-65783350D884}.AppStore|iPhone.Build.0 = Debug|Any CPU
		{A8C1C195-9239-4EF1-921D-65783350D884}.AppStore|iPhoneSimulator.ActiveCfg = Debug|Any CPU
		{A8C1C195-9239-4EF1-921D-65783350D884}.AppStore|iPhoneSimulator.Build.0 = Debug|Any CPU
		{A8C1C195-9239-4EF1-921D-65783350D884}.Debug|Any CPU.ActiveCfg = Debug|Any CPU
		{A8C1C195-9239-4EF1-921D-65783350D884}.Debug|Any CPU.Build.0 = Debug|Any CPU
		{A8C1C195-9239-4EF1-921D-65783350D884}.Debug|iPhone.ActiveCfg = Debug|Any CPU
		{A8C1C195-9239-4EF1-921D-65783350D884}.Debug|iPhone.Build.0 = Debug|Any CPU
		{A8C1C195-9239-4EF1-921D-65783350D884}.Debug|iPhoneSimulator.ActiveCfg = Debug|Any CPU
		{A8C1C195-9239-4EF1-921D-65783350D884}.Debug|iPhoneSimulator.Build.0 = Debug|Any CPU
		{A8C1C195-9239-4EF1-921D-65783350D884}.Release .Net 4|Any CPU.ActiveCfg = Release|Any CPU
		{A8C1C195-9239-4EF1-921D-65783350D884}.Release .Net 4|Any CPU.Build.0 = Release|Any CPU
		{A8C1C195-9239-4EF1-921D-65783350D884}.Release .Net 4|iPhone.ActiveCfg = Release|Any CPU
		{A8C1C195-9239-4EF1-921D-65783350D884}.Release .Net 4|iPhone.Build.0 = Release|Any CPU
		{A8C1C195-9239-4EF1-921D-65783350D884}.Release .Net 4|iPhoneSimulator.ActiveCfg = Release|Any CPU
		{A8C1C195-9239-4EF1-921D-65783350D884}.Release .Net 4|iPhoneSimulator.Build.0 = Release|Any CPU
		{A8C1C195-9239-4EF1-921D-65783350D884}.Release|Any CPU.ActiveCfg = Release|Any CPU
		{A8C1C195-9239-4EF1-921D-65783350D884}.Release|Any CPU.Build.0 = Release|Any CPU
		{A8C1C195-9239-4EF1-921D-65783350D884}.Release|iPhone.ActiveCfg = Release|Any CPU
		{A8C1C195-9239-4EF1-921D-65783350D884}.Release|iPhone.Build.0 = Release|Any CPU
		{A8C1C195-9239-4EF1-921D-65783350D884}.Release|iPhoneSimulator.ActiveCfg = Release|Any CPU
		{A8C1C195-9239-4EF1-921D-65783350D884}.Release|iPhoneSimulator.Build.0 = Release|Any CPU
		{A8C1C195-9239-4EF1-921D-65783350D884}.x64|Any CPU.ActiveCfg = Debug|Any CPU
		{A8C1C195-9239-4EF1-921D-65783350D884}.x64|Any CPU.Build.0 = Debug|Any CPU
		{A8C1C195-9239-4EF1-921D-65783350D884}.x64|iPhone.ActiveCfg = Debug|Any CPU
		{A8C1C195-9239-4EF1-921D-65783350D884}.x64|iPhone.Build.0 = Debug|Any CPU
		{A8C1C195-9239-4EF1-921D-65783350D884}.x64|iPhoneSimulator.ActiveCfg = Debug|Any CPU
		{A8C1C195-9239-4EF1-921D-65783350D884}.x64|iPhoneSimulator.Build.0 = Debug|Any CPU
	EndGlobalSection
	GlobalSection(SolutionProperties) = preSolution
		HideSolutionNode = FALSE
	EndGlobalSection
	GlobalSection(ExtensibilityGlobals) = postSolution
		SolutionGuid = {264D2C60-A22C-4278-93FD-D58EF8EBBA20}
	EndGlobalSection
EndGlobal
